
Microsoft Visual Studio Solution File, Format Version 12.00
# Visual Studio Version 17
VisualStudioVersion = 17.1.32328.378
MinimumVisualStudioVersion = 10.0.40219.1
Project("{FAE04EC0-301F-11D3-BF4B-00C04F79EFBC}") = "APIJuju", "APIJuju\APIJuju.csproj", "{C9DA824B-308E-4749-8374-A780894DDF9F}"
EndProject
Project("{FAE04EC0-301F-11D3-BF4B-00C04F79EFBC}") = "AccesoDatos", "AccesoDatos\AccesoDatos.csproj", "{27C27AC0-D0AE-4B1A-868C-DC8E025437D3}"
EndProject
Project("{FAE04EC0-301F-11D3-BF4B-00C04F79EFBC}") = "DTOS", "DTOS\DTOS.csproj", "{AF322E50-0948-4388-B0D2-41A617FD19C9}"
EndProject
Project("{FAE04EC0-301F-11D3-BF4B-00C04F79EFBC}") = "Services", "Services\Services.csproj", "{7932FC97-076F-4E0C-9A75-339A74997723}"
EndProject
Global
	GlobalSection(SolutionConfigurationPlatforms) = preSolution
		Debug|Any CPU = Debug|Any CPU
		Release|Any CPU = Release|Any CPU
	EndGlobalSection
	GlobalSection(ProjectConfigurationPlatforms) = postSolution
		{C9DA824B-308E-4749-8374-A780894DDF9F}.Debug|Any CPU.ActiveCfg = Debug|Any CPU
		{C9DA824B-308E-4749-8374-A780894DDF9F}.Debug|Any CPU.Build.0 = Debug|Any CPU
		{C9DA824B-308E-4749-8374-A780894DDF9F}.Release|Any CPU.ActiveCfg = Release|Any CPU
		{C9DA824B-308E-4749-8374-A780894DDF9F}.Release|Any CPU.Build.0 = Release|Any CPU
		{27C27AC0-D0AE-4B1A-868C-DC8E025437D3}.Debug|Any CPU.ActiveCfg = Debug|Any CPU
		{27C27AC0-D0AE-4B1A-868C-DC8E025437D3}.Debug|Any CPU.Build.0 = Debug|Any CPU
		{27C27AC0-D0AE-4B1A-868C-DC8E025437D3}.Release|Any CPU.ActiveCfg = Release|Any CPU
		{27C27AC0-D0AE-4B1A-868C-DC8E025437D3}.Release|Any CPU.Build.0 = Release|Any CPU
		{AF322E50-0948-4388-B0D2-41A617FD19C9}.Debug|Any CPU.ActiveCfg = Debug|Any CPU
		{AF322E50-0948-4388-B0D2-41A617FD19C9}.Debug|Any CPU.Build.0 = Debug|Any CPU
		{AF322E50-0948-4388-B0D2-41A617FD19C9}.Release|Any CPU.ActiveCfg = Release|Any CPU
		{AF322E50-0948-4388-B0D2-41A617FD19C9}.Release|Any CPU.Build.0 = Release|Any CPU
		{7932FC97-076F-4E0C-9A75-339A74997723}.Debug|Any CPU.ActiveCfg = Debug|Any CPU
		{7932FC97-076F-4E0C-9A75-339A74997723}.Debug|Any CPU.Build.0 = Debug|Any CPU
		{7932FC97-076F-4E0C-9A75-339A74997723}.Release|Any CPU.ActiveCfg = Release|Any CPU
		{7932FC97-076F-4E0C-9A75-339A74997723}.Release|Any CPU.Build.0 = Release|Any CPU
	EndGlobalSection
	GlobalSection(SolutionProperties) = preSolution
		HideSolutionNode = FALSE
	EndGlobalSection
	GlobalSection(ExtensibilityGlobals) = postSolution
		SolutionGuid = {CF026522-932D-4CD9-92FD-0A13491D8B2B}
	EndGlobalSection
EndGlobal
